// !$*UTF8*$!
{
	archiveVersion = 1;
	classes = {
	};
	objectVersion = 46;
	objects = {

/* Begin PBXBuildFile section */
		6301E0C71C2878E90062F23E /* AppDelegate.swift in Sources */ = {isa = PBXBuildFile; fileRef = 6301E0C61C2878E90062F23E /* AppDelegate.swift */; };
		6301E0C91C2878E90062F23E /* ViewController.swift in Sources */ = {isa = PBXBuildFile; fileRef = 6301E0C81C2878E90062F23E /* ViewController.swift */; };
		6301E0CC1C2878E90062F23E /* Main.storyboard in Resources */ = {isa = PBXBuildFile; fileRef = 6301E0CA1C2878E90062F23E /* Main.storyboard */; };
		6301E0CF1C2878E90062F23E /* vrmanov_showcase.xcdatamodeld in Sources */ = {isa = PBXBuildFile; fileRef = 6301E0CD1C2878E90062F23E /* vrmanov_showcase.xcdatamodeld */; };
		6301E0D11C2878E90062F23E /* Assets.xcassets in Resources */ = {isa = PBXBuildFile; fileRef = 6301E0D01C2878E90062F23E /* Assets.xcassets */; };
		6301E0D41C2878E90062F23E /* LaunchScreen.storyboard in Resources */ = {isa = PBXBuildFile; fileRef = 6301E0D21C2878E90062F23E /* LaunchScreen.storyboard */; };
		6301E0E31C2879320062F23E /* NotoSans-Bold.ttf in Resources */ = {isa = PBXBuildFile; fileRef = 6301E0DF1C2879320062F23E /* NotoSans-Bold.ttf */; };
		6301E0E41C2879320062F23E /* NotoSans-BoldItalic.ttf in Resources */ = {isa = PBXBuildFile; fileRef = 6301E0E01C2879320062F23E /* NotoSans-BoldItalic.ttf */; };
		6301E0E51C2879320062F23E /* NotoSans-Italic.ttf in Resources */ = {isa = PBXBuildFile; fileRef = 6301E0E11C2879320062F23E /* NotoSans-Italic.ttf */; };
		6301E0E61C2879320062F23E /* NotoSans-Regular.ttf in Resources */ = {isa = PBXBuildFile; fileRef = 6301E0E21C2879320062F23E /* NotoSans-Regular.ttf */; };
		6301E0EA1C28850C0062F23E /* MaterialView.swift in Sources */ = {isa = PBXBuildFile; fileRef = 6301E0E91C28850C0062F23E /* MaterialView.swift */; };
		6301E0ED1C2885F60062F23E /* Constants.swift in Sources */ = {isa = PBXBuildFile; fileRef = 6301E0EC1C2885F60062F23E /* Constants.swift */; };
		6301E0EF1C2889490062F23E /* MaterialButton.swift in Sources */ = {isa = PBXBuildFile; fileRef = 6301E0EE1C2889490062F23E /* MaterialButton.swift */; };
		6301E0F11C2894430062F23E /* MaterialTextField.swift in Sources */ = {isa = PBXBuildFile; fileRef = 6301E0F01C2894430062F23E /* MaterialTextField.swift */; };
		6301E0F61C2898CC0062F23E /* Bolts.framework in Frameworks */ = {isa = PBXBuildFile; fileRef = 6301E0F31C2898CC0062F23E /* Bolts.framework */; };
		6301E0F71C2898CC0062F23E /* FBSDKCoreKit.framework in Frameworks */ = {isa = PBXBuildFile; fileRef = 6301E0F41C2898CC0062F23E /* FBSDKCoreKit.framework */; };
		6301E0F81C2898CC0062F23E /* FBSDKLoginKit.framework in Frameworks */ = {isa = PBXBuildFile; fileRef = 6301E0F51C2898CC0062F23E /* FBSDKLoginKit.framework */; };
		6324B3DC1C28B24000AD7F1D /* DataService.swift in Sources */ = {isa = PBXBuildFile; fileRef = 6324B3DB1C28B24000AD7F1D /* DataService.swift */; };
		63779FFC1C2BA2FB00C80A2E /* FeedVC.swift in Sources */ = {isa = PBXBuildFile; fileRef = 63779FFB1C2BA2FB00C80A2E /* FeedVC.swift */; };
		63779FFE1C2BA3D800C80A2E /* PostCell.swift in Sources */ = {isa = PBXBuildFile; fileRef = 63779FFD1C2BA3D800C80A2E /* PostCell.swift */; };
		AA23B5B030E746C06E96A4A0 /* Pods_vrmanov_showcase.framework in Frameworks */ = {isa = PBXBuildFile; fileRef = F700448BF3AB9104CD1F5EEB /* Pods_vrmanov_showcase.framework */; };
/* End PBXBuildFile section */

/* Begin PBXFileReference section */
		6301E0C31C2878E90062F23E /* vrmanov-showcase.app */ = {isa = PBXFileReference; explicitFileType = wrapper.application; includeInIndex = 0; path = "vrmanov-showcase.app"; sourceTree = BUILT_PRODUCTS_DIR; };
		6301E0C61C2878E90062F23E /* AppDelegate.swift */ = {isa = PBXFileReference; lastKnownFileType = sourcecode.swift; path = AppDelegate.swift; sourceTree = "<group>"; };
		6301E0C81C2878E90062F23E /* ViewController.swift */ = {isa = PBXFileReference; lastKnownFileType = sourcecode.swift; path = ViewController.swift; sourceTree = "<group>"; };
		6301E0CB1C2878E90062F23E /* Base */ = {isa = PBXFileReference; lastKnownFileType = file.storyboard; name = Base; path = Base.lproj/Main.storyboard; sourceTree = "<group>"; };
		6301E0CE1C2878E90062F23E /* vrmanov_showcase.xcdatamodel */ = {isa = PBXFileReference; lastKnownFileType = wrapper.xcdatamodel; path = vrmanov_showcase.xcdatamodel; sourceTree = "<group>"; };
		6301E0D01C2878E90062F23E /* Assets.xcassets */ = {isa = PBXFileReference; lastKnownFileType = folder.assetcatalog; path = Assets.xcassets; sourceTree = "<group>"; };
		6301E0D31C2878E90062F23E /* Base */ = {isa = PBXFileReference; lastKnownFileType = file.storyboard; name = Base; path = Base.lproj/LaunchScreen.storyboard; sourceTree = "<group>"; };
		6301E0D51C2878E90062F23E /* Info.plist */ = {isa = PBXFileReference; lastKnownFileType = text.plist.xml; path = Info.plist; sourceTree = "<group>"; };
		6301E0DF1C2879320062F23E /* NotoSans-Bold.ttf */ = {isa = PBXFileReference; lastKnownFileType = file; path = "NotoSans-Bold.ttf"; sourceTree = "<group>"; };
		6301E0E01C2879320062F23E /* NotoSans-BoldItalic.ttf */ = {isa = PBXFileReference; lastKnownFileType = file; path = "NotoSans-BoldItalic.ttf"; sourceTree = "<group>"; };
		6301E0E11C2879320062F23E /* NotoSans-Italic.ttf */ = {isa = PBXFileReference; lastKnownFileType = file; path = "NotoSans-Italic.ttf"; sourceTree = "<group>"; };
		6301E0E21C2879320062F23E /* NotoSans-Regular.ttf */ = {isa = PBXFileReference; lastKnownFileType = file; path = "NotoSans-Regular.ttf"; sourceTree = "<group>"; };
		6301E0E91C28850C0062F23E /* MaterialView.swift */ = {isa = PBXFileReference; fileEncoding = 4; lastKnownFileType = sourcecode.swift; path = MaterialView.swift; sourceTree = "<group>"; };
		6301E0EC1C2885F60062F23E /* Constants.swift */ = {isa = PBXFileReference; fileEncoding = 4; lastKnownFileType = sourcecode.swift; path = Constants.swift; sourceTree = "<group>"; };
		6301E0EE1C2889490062F23E /* MaterialButton.swift */ = {isa = PBXFileReference; fileEncoding = 4; lastKnownFileType = sourcecode.swift; path = MaterialButton.swift; sourceTree = "<group>"; };
		6301E0F01C2894430062F23E /* MaterialTextField.swift */ = {isa = PBXFileReference; fileEncoding = 4; lastKnownFileType = sourcecode.swift; path = MaterialTextField.swift; sourceTree = "<group>"; };
		6301E0F31C2898CC0062F23E /* Bolts.framework */ = {isa = PBXFileReference; lastKnownFileType = wrapper.framework; path = Bolts.framework; sourceTree = "<group>"; };
		6301E0F41C2898CC0062F23E /* FBSDKCoreKit.framework */ = {isa = PBXFileReference; lastKnownFileType = wrapper.framework; path = FBSDKCoreKit.framework; sourceTree = "<group>"; };
		6301E0F51C2898CC0062F23E /* FBSDKLoginKit.framework */ = {isa = PBXFileReference; lastKnownFileType = wrapper.framework; path = FBSDKLoginKit.framework; sourceTree = "<group>"; };
		6324B3DB1C28B24000AD7F1D /* DataService.swift */ = {isa = PBXFileReference; fileEncoding = 4; lastKnownFileType = sourcecode.swift; path = DataService.swift; sourceTree = "<group>"; };
		63779FFB1C2BA2FB00C80A2E /* FeedVC.swift */ = {isa = PBXFileReference; fileEncoding = 4; lastKnownFileType = sourcecode.swift; path = FeedVC.swift; sourceTree = "<group>"; };
		63779FFD1C2BA3D800C80A2E /* PostCell.swift */ = {isa = PBXFileReference; fileEncoding = 4; lastKnownFileType = sourcecode.swift; path = PostCell.swift; sourceTree = "<group>"; };
		B96904CA7988A7883B537FAE /* Pods-vrmanov-showcase.release.xcconfig */ = {isa = PBXFileReference; includeInIndex = 1; lastKnownFileType = text.xcconfig; name = "Pods-vrmanov-showcase.release.xcconfig"; path = "Pods/Target Support Files/Pods-vrmanov-showcase/Pods-vrmanov-showcase.release.xcconfig"; sourceTree = "<group>"; };
		D5A3E9E5F25B4D119D7D68FC /* Pods-vrmanov-showcase.debug.xcconfig */ = {isa = PBXFileReference; includeInIndex = 1; lastKnownFileType = text.xcconfig; name = "Pods-vrmanov-showcase.debug.xcconfig"; path = "Pods/Target Support Files/Pods-vrmanov-showcase/Pods-vrmanov-showcase.debug.xcconfig"; sourceTree = "<group>"; };
		F700448BF3AB9104CD1F5EEB /* Pods_vrmanov_showcase.framework */ = {isa = PBXFileReference; explicitFileType = wrapper.framework; includeInIndex = 0; path = Pods_vrmanov_showcase.framework; sourceTree = BUILT_PRODUCTS_DIR; };
/* End PBXFileReference section */

/* Begin PBXFrameworksBuildPhase section */
		6301E0C01C2878E90062F23E /* Frameworks */ = {
			isa = PBXFrameworksBuildPhase;
			buildActionMask = 2147483647;
			files = (
				6301E0F61C2898CC0062F23E /* Bolts.framework in Frameworks */,
				6301E0F71C2898CC0062F23E /* FBSDKCoreKit.framework in Frameworks */,
				6301E0F81C2898CC0062F23E /* FBSDKLoginKit.framework in Frameworks */,
				AA23B5B030E746C06E96A4A0 /* Pods_vrmanov_showcase.framework in Frameworks */,
			);
			runOnlyForDeploymentPostprocessing = 0;
		};
/* End PBXFrameworksBuildPhase section */

/* Begin PBXGroup section */
		6301E0BA1C2878E90062F23E = {
			isa = PBXGroup;
			children = (
				6301E0C51C2878E90062F23E /* vrmanov-showcase */,
				6301E0C41C2878E90062F23E /* Products */,
				88647980D138C20A31D0EF41 /* Pods */,
				8D3A9DA6FEA1A2E25EF94291 /* Frameworks */,
			);
			sourceTree = "<group>";
		};
		6301E0C41C2878E90062F23E /* Products */ = {
			isa = PBXGroup;
			children = (
				6301E0C31C2878E90062F23E /* vrmanov-showcase.app */,
			);
			name = Products;
			sourceTree = "<group>";
		};
		6301E0C51C2878E90062F23E /* vrmanov-showcase */ = {
			isa = PBXGroup;
			children = (
				6324B3DA1C28B22900AD7F1D /* Services */,
				6301E0F21C2898BA0062F23E /* Frameworks */,
				6301E0EB1C2885EA0062F23E /* Utils */,
				6301E0DE1C28790A0062F23E /* Resources */,
				6301E0DD1C2879030062F23E /* Model */,
				6301E0DC1C2878FD0062F23E /* View */,
				6301E0DB1C2878F60062F23E /* Controller */,
				6301E0C61C2878E90062F23E /* AppDelegate.swift */,
				6301E0CA1C2878E90062F23E /* Main.storyboard */,
				6301E0D01C2878E90062F23E /* Assets.xcassets */,
				6301E0D21C2878E90062F23E /* LaunchScreen.storyboard */,
				6301E0D51C2878E90062F23E /* Info.plist */,
				6301E0CD1C2878E90062F23E /* vrmanov_showcase.xcdatamodeld */,
			);
			path = "vrmanov-showcase";
			sourceTree = "<group>";
		};
		6301E0DB1C2878F60062F23E /* Controller */ = {
			isa = PBXGroup;
			children = (
				63779FFB1C2BA2FB00C80A2E /* FeedVC.swift */,
				6301E0C81C2878E90062F23E /* ViewController.swift */,
			);
			name = Controller;
			sourceTree = "<group>";
		};
		6301E0DC1C2878FD0062F23E /* View */ = {
			isa = PBXGroup;
			children = (
				6301E0E91C28850C0062F23E /* MaterialView.swift */,
				6301E0EE1C2889490062F23E /* MaterialButton.swift */,
				6301E0F01C2894430062F23E /* MaterialTextField.swift */,
				63779FFD1C2BA3D800C80A2E /* PostCell.swift */,
			);
			name = View;
			sourceTree = "<group>";
		};
		6301E0DD1C2879030062F23E /* Model */ = {
			isa = PBXGroup;
			children = (
			);
			name = Model;
			sourceTree = "<group>";
		};
		6301E0DE1C28790A0062F23E /* Resources */ = {
			isa = PBXGroup;
			children = (
				6301E0DF1C2879320062F23E /* NotoSans-Bold.ttf */,
				6301E0E01C2879320062F23E /* NotoSans-BoldItalic.ttf */,
				6301E0E11C2879320062F23E /* NotoSans-Italic.ttf */,
				6301E0E21C2879320062F23E /* NotoSans-Regular.ttf */,
			);
			name = Resources;
			sourceTree = "<group>";
		};
		6301E0EB1C2885EA0062F23E /* Utils */ = {
			isa = PBXGroup;
			children = (
				6301E0EC1C2885F60062F23E /* Constants.swift */,
			);
			name = Utils;
			sourceTree = "<group>";
		};
		6301E0F21C2898BA0062F23E /* Frameworks */ = {
			isa = PBXGroup;
			children = (
				6301E0F31C2898CC0062F23E /* Bolts.framework */,
				6301E0F41C2898CC0062F23E /* FBSDKCoreKit.framework */,
				6301E0F51C2898CC0062F23E /* FBSDKLoginKit.framework */,
			);
			name = Frameworks;
			sourceTree = "<group>";
		};
		6324B3DA1C28B22900AD7F1D /* Services */ = {
			isa = PBXGroup;
			children = (
				6324B3DB1C28B24000AD7F1D /* DataService.swift */,
			);
			name = Services;
			sourceTree = "<group>";
		};
		88647980D138C20A31D0EF41 /* Pods */ = {
			isa = PBXGroup;
			children = (
				D5A3E9E5F25B4D119D7D68FC /* Pods-vrmanov-showcase.debug.xcconfig */,
				B96904CA7988A7883B537FAE /* Pods-vrmanov-showcase.release.xcconfig */,
			);
			name = Pods;
			sourceTree = "<group>";
		};
		8D3A9DA6FEA1A2E25EF94291 /* Frameworks */ = {
			isa = PBXGroup;
			children = (
				F700448BF3AB9104CD1F5EEB /* Pods_vrmanov_showcase.framework */,
			);
			name = Frameworks;
			sourceTree = "<group>";
		};
/* End PBXGroup section */

/* Begin PBXNativeTarget section */
		6301E0C21C2878E90062F23E /* vrmanov-showcase */ = {
			isa = PBXNativeTarget;
			buildConfigurationList = 6301E0D81C2878E90062F23E /* Build configuration list for PBXNativeTarget "vrmanov-showcase" */;
			buildPhases = (
				9324F7967E8870C5E0618382 /* Check Pods Manifest.lock */,
				6301E0BF1C2878E90062F23E /* Sources */,
				6301E0C01C2878E90062F23E /* Frameworks */,
				6301E0C11C2878E90062F23E /* Resources */,
				DEBFEB90DF8FDD5C07D39F0D /* Embed Pods Frameworks */,
				E5AA3D54FB44CAC8F4B94CB4 /* Copy Pods Resources */,
			);
			buildRules = (
			);
			dependencies = (
			);
			name = "vrmanov-showcase";
			productName = "vrmanov-showcase";
			productReference = 6301E0C31C2878E90062F23E /* vrmanov-showcase.app */;
			productType = "com.apple.product-type.application";
		};
/* End PBXNativeTarget section */

/* Begin PBXProject section */
		6301E0BB1C2878E90062F23E /* Project object */ = {
			isa = PBXProject;
			attributes = {
				LastSwiftUpdateCheck = 0710;
				LastUpgradeCheck = 0710;
				ORGANIZATIONNAME = EEEnthusiast;
				TargetAttributes = {
					6301E0C21C2878E90062F23E = {
						CreatedOnToolsVersion = 7.1.1;
						DevelopmentTeam = UUDE6HXLBW;
					};
				};
			};
			buildConfigurationList = 6301E0BE1C2878E90062F23E /* Build configuration list for PBXProject "vrmanov-showcase" */;
			compatibilityVersion = "Xcode 3.2";
			developmentRegion = English;
			hasScannedForEncodings = 0;
			knownRegions = (
				en,
				Base,
			);
			mainGroup = 6301E0BA1C2878E90062F23E;
			productRefGroup = 6301E0C41C2878E90062F23E /* Products */;
			projectDirPath = "";
			projectRoot = "";
			targets = (
				6301E0C21C2878E90062F23E /* vrmanov-showcase */,
			);
		};
/* End PBXProject section */

/* Begin PBXResourcesBuildPhase section */
		6301E0C11C2878E90062F23E /* Resources */ = {
			isa = PBXResourcesBuildPhase;
			buildActionMask = 2147483647;
			files = (
				6301E0E31C2879320062F23E /* NotoSans-Bold.ttf in Resources */,
				6301E0D41C2878E90062F23E /* LaunchScreen.storyboard in Resources */,
				6301E0E41C2879320062F23E /* NotoSans-BoldItalic.ttf in Resources */,
				6301E0E51C2879320062F23E /* NotoSans-Italic.ttf in Resources */,
				6301E0D11C2878E90062F23E /* Assets.xcassets in Resources */,
				6301E0CC1C2878E90062F23E /* Main.storyboard in Resources */,
				6301E0E61C2879320062F23E /* NotoSans-Regular.ttf in Resources */,
			);
			runOnlyForDeploymentPostprocessing = 0;
		};
/* End PBXResourcesBuildPhase section */

/* Begin PBXShellScriptBuildPhase section */
		9324F7967E8870C5E0618382 /* Check Pods Manifest.lock */ = {
			isa = PBXShellScriptBuildPhase;
			buildActionMask = 2147483647;
			files = (
			);
			inputPaths = (
			);
			name = "Check Pods Manifest.lock";
			outputPaths = (
			);
			runOnlyForDeploymentPostprocessing = 0;
			shellPath = /bin/sh;
			shellScript = "diff \"${PODS_ROOT}/../Podfile.lock\" \"${PODS_ROOT}/Manifest.lock\" > /dev/null\nif [[ $? != 0 ]] ; then\n    cat << EOM\nerror: The sandbox is not in sync with the Podfile.lock. Run 'pod install' or update your CocoaPods installation.\nEOM\n    exit 1\nfi\n";
			showEnvVarsInLog = 0;
		};
		DEBFEB90DF8FDD5C07D39F0D /* Embed Pods Frameworks */ = {
			isa = PBXShellScriptBuildPhase;
			buildActionMask = 2147483647;
			files = (
			);
			inputPaths = (
			);
			name = "Embed Pods Frameworks";
			outputPaths = (
			);
			runOnlyForDeploymentPostprocessing = 0;
			shellPath = /bin/sh;
			shellScript = "\"${SRCROOT}/Pods/Target Support Files/Pods-vrmanov-showcase/Pods-vrmanov-showcase-frameworks.sh\"\n";
			showEnvVarsInLog = 0;
		};
		E5AA3D54FB44CAC8F4B94CB4 /* Copy Pods Resources */ = {
			isa = PBXShellScriptBuildPhase;
			buildActionMask = 2147483647;
			files = (
			);
			inputPaths = (
			);
			name = "Copy Pods Resources";
			outputPaths = (
			);
			runOnlyForDeploymentPostprocessing = 0;
			shellPath = /bin/sh;
			shellScript = "\"${SRCROOT}/Pods/Target Support Files/Pods-vrmanov-showcase/Pods-vrmanov-showcase-resources.sh\"\n";
			showEnvVarsInLog = 0;
		};
/* End PBXShellScriptBuildPhase section */

/* Begin PBXSourcesBuildPhase section */
		6301E0BF1C2878E90062F23E /* Sources */ = {
			isa = PBXSourcesBuildPhase;
			buildActionMask = 2147483647;
			files = (
				63779FFC1C2BA2FB00C80A2E /* FeedVC.swift in Sources */,
				6301E0ED1C2885F60062F23E /* Constants.swift in Sources */,
				6301E0C91C2878E90062F23E /* ViewController.swift in Sources */,
				6301E0EF1C2889490062F23E /* MaterialButton.swift in Sources */,
				6324B3DC1C28B24000AD7F1D /* DataService.swift in Sources */,
				6301E0C71C2878E90062F23E /* AppDelegate.swift in Sources */,
				6301E0CF1C2878E90062F23E /* vrmanov_showcase.xcdatamodeld in Sources */,
				6301E0EA1C28850C0062F23E /* MaterialView.swift in Sources */,
				6301E0F11C2894430062F23E /* MaterialTextField.swift in Sources */,
				63779FFE1C2BA3D800C80A2E /* PostCell.swift in Sources */,
			);
			runOnlyForDeploymentPostprocessing = 0;
		};
/* End PBXSourcesBuildPhase section */

/* Begin PBXVariantGroup section */
		6301E0CA1C2878E90062F23E /* Main.storyboard */ = {
			isa = PBXVariantGroup;
			children = (
				6301E0CB1C2878E90062F23E /* Base */,
			);
			name = Main.storyboard;
			sourceTree = "<group>";
		};
		6301E0D21C2878E90062F23E /* LaunchScreen.storyboard */ = {
			isa = PBXVariantGroup;
			children = (
				6301E0D31C2878E90062F23E /* Base */,
			);
			name = LaunchScreen.storyboard;
			sourceTree = "<group>";
		};
/* End PBXVariantGroup section */

/* Begin XCBuildConfiguration section */
		6301E0D61C2878E90062F23E /* Debug */ = {
			isa = XCBuildConfiguration;
			buildSettings = {
				ALWAYS_SEARCH_USER_PATHS = NO;
				CLANG_CXX_LANGUAGE_STANDARD = "gnu++0x";
				CLANG_CXX_LIBRARY = "libc++";
				CLANG_ENABLE_MODULES = YES;
				CLANG_ENABLE_OBJC_ARC = YES;
				CLANG_WARN_BOOL_CONVERSION = YES;
				CLANG_WARN_CONSTANT_CONVERSION = YES;
				CLANG_WARN_DIRECT_OBJC_ISA_USAGE = YES_ERROR;
				CLANG_WARN_EMPTY_BODY = YES;
				CLANG_WARN_ENUM_CONVERSION = YES;
				CLANG_WARN_INT_CONVERSION = YES;
				CLANG_WARN_OBJC_ROOT_CLASS = YES_ERROR;
				CLANG_WARN_UNREACHABLE_CODE = YES;
				CLANG_WARN__DUPLICATE_METHOD_MATCH = YES;
				"CODE_SIGN_IDENTITY[sdk=iphoneos*]" = "iPhone Developer";
				COPY_PHASE_STRIP = NO;
				DEBUG_INFORMATION_FORMAT = dwarf;
				ENABLE_STRICT_OBJC_MSGSEND = YES;
				ENABLE_TESTABILITY = YES;
				GCC_C_LANGUAGE_STANDARD = gnu99;
				GCC_DYNAMIC_NO_PIC = NO;
				GCC_NO_COMMON_BLOCKS = YES;
				GCC_OPTIMIZATION_LEVEL = 0;
				GCC_PREPROCESSOR_DEFINITIONS = (
					"DEBUG=1",
					"$(inherited)",
				);
				GCC_WARN_64_TO_32_BIT_CONVERSION = YES;
				GCC_WARN_ABOUT_RETURN_TYPE = YES_ERROR;
				GCC_WARN_UNDECLARED_SELECTOR = YES;
				GCC_WARN_UNINITIALIZED_AUTOS = YES_AGGRESSIVE;
				GCC_WARN_UNUSED_FUNCTION = YES;
				GCC_WARN_UNUSED_VARIABLE = YES;
				IPHONEOS_DEPLOYMENT_TARGET = 9.1;
				MTL_ENABLE_DEBUG_INFO = YES;
				ONLY_ACTIVE_ARCH = YES;
				SDKROOT = iphoneos;
				SWIFT_OPTIMIZATION_LEVEL = "-Onone";
				TARGETED_DEVICE_FAMILY = "1,2";
			};
			name = Debug;
		};
		6301E0D71C2878E90062F23E /* Release */ = {
			isa = XCBuildConfiguration;
			buildSettings = {
				ALWAYS_SEARCH_USER_PATHS = NO;
				CLANG_CXX_LANGUAGE_STANDARD = "gnu++0x";
				CLANG_CXX_LIBRARY = "libc++";
				CLANG_ENABLE_MODULES = YES;
				CLANG_ENABLE_OBJC_ARC = YES;
				CLANG_WARN_BOOL_CONVERSION = YES;
				CLANG_WARN_CONSTANT_CONVERSION = YES;
				CLANG_WARN_DIRECT_OBJC_ISA_USAGE = YES_ERROR;
				CLANG_WARN_EMPTY_BODY = YES;
				CLANG_WARN_ENUM_CONVERSION = YES;
				CLANG_WARN_INT_CONVERSION = YES;
				CLANG_WARN_OBJC_ROOT_CLASS = YES_ERROR;
				CLANG_WARN_UNREACHABLE_CODE = YES;
				CLANG_WARN__DUPLICATE_METHOD_MATCH = YES;
				"CODE_SIGN_IDENTITY[sdk=iphoneos*]" = "iPhone Developer";
				COPY_PHASE_STRIP = NO;
				DEBUG_INFORMATION_FORMAT = "dwarf-with-dsym";
				ENABLE_NS_ASSERTIONS = NO;
				ENABLE_STRICT_OBJC_MSGSEND = YES;
				GCC_C_LANGUAGE_STANDARD = gnu99;
				GCC_NO_COMMON_BLOCKS = YES;
				GCC_WARN_64_TO_32_BIT_CONVERSION = YES;
				GCC_WARN_ABOUT_RETURN_TYPE = YES_ERROR;
				GCC_WARN_UNDECLARED_SELECTOR = YES;
				GCC_WARN_UNINITIALIZED_AUTOS = YES_AGGRESSIVE;
				GCC_WARN_UNUSED_FUNCTION = YES;
				GCC_WARN_UNUSED_VARIABLE = YES;
				IPHONEOS_DEPLOYMENT_TARGET = 9.1;
				MTL_ENABLE_DEBUG_INFO = NO;
				SDKROOT = iphoneos;
				TARGETED_DEVICE_FAMILY = "1,2";
				VALIDATE_PRODUCT = YES;
			};
			name = Release;
		};
		6301E0D91C2878E90062F23E /* Debug */ = {
			isa = XCBuildConfiguration;
			baseConfigurationReference = D5A3E9E5F25B4D119D7D68FC /* Pods-vrmanov-showcase.debug.xcconfig */;
			buildSettings = {
				ASSETCATALOG_COMPILER_APPICON_NAME = AppIcon;
				FRAMEWORK_SEARCH_PATHS = (
					"$(inherited)",
					"$(PROJECT_DIR)/vrmanov-showcase",
				);
				INFOPLIST_FILE = "vrmanov-showcase/Info.plist";
				LD_RUNPATH_SEARCH_PATHS = "$(inherited) @executable_path/Frameworks";
				PRODUCT_BUNDLE_IDENTIFIER = "com.eeenthusiast.vrmanov-showcase";
				PRODUCT_NAME = "$(TARGET_NAME)";
			};
			name = Debug;
		};
		6301E0DA1C2878E90062F23E /* Release */ = {
			isa = XCBuildConfiguration;
			baseConfigurationReference = B96904CA7988A7883B537FAE /* Pods-vrmanov-showcase.release.xcconfig */;
			buildSettings = {
				ASSETCATALOG_COMPILER_APPICON_NAME = AppIcon;
				FRAMEWORK_SEARCH_PATHS = (
					"$(inherited)",
					"$(PROJECT_DIR)/vrmanov-showcase",
				);
				INFOPLIST_FILE = "vrmanov-showcase/Info.plist";
				LD_RUNPATH_SEARCH_PATHS = "$(inherited) @executable_path/Frameworks";
				PRODUCT_BUNDLE_IDENTIFIER = "com.eeenthusiast.vrmanov-showcase";
				PRODUCT_NAME = "$(TARGET_NAME)";
			};
			name = Release;
		};
/* End XCBuildConfiguration section */

/* Begin XCConfigurationList section */
		6301E0BE1C2878E90062F23E /* Build configuration list for PBXProject "vrmanov-showcase" */ = {
			isa = XCConfigurationList;
			buildConfigurations = (
				6301E0D61C2878E90062F23E /* Debug */,
				6301E0D71C2878E90062F23E /* Release */,
			);
			defaultConfigurationIsVisible = 0;
			defaultConfigurationName = Release;
		};
		6301E0D81C2878E90062F23E /* Build configuration list for PBXNativeTarget "vrmanov-showcase" */ = {
			isa = XCConfigurationList;
			buildConfigurations = (
				6301E0D91C2878E90062F23E /* Debug */,
				6301E0DA1C2878E90062F23E /* Release */,
			);
			defaultConfigurationIsVisible = 0;
			defaultConfigurationName = Release;
		};
/* End XCConfigurationList section */

/* Begin XCVersionGroup section */
		6301E0CD1C2878E90062F23E /* vrmanov_showcase.xcdatamodeld */ = {
			isa = XCVersionGroup;
			children = (
				6301E0CE1C2878E90062F23E /* vrmanov_showcase.xcdatamodel */,
			);
			currentVersion = 6301E0CE1C2878E90062F23E /* vrmanov_showcase.xcdatamodel */;
			path = vrmanov_showcase.xcdatamodeld;
			sourceTree = "<group>";
			versionGroupType = wrapper.xcdatamodel;
		};
/* End XCVersionGroup section */
	};
	rootObject = 6301E0BB1C2878E90062F23E /* Project object */;
}
